
Microsoft Visual Studio Solution File, Format Version 12.00
# Visual Studio Version 17
VisualStudioVersion = 17.6.33723.286
MinimumVisualStudioVersion = 10.0.40219.1
Project("{FAE04EC0-301F-11D3-BF4B-00C04F79EFBC}") = "CoffitoAPI", "CoffitoAPI\CoffitoAPI.csproj", "{F7487628-D08F-4C34-A172-FD70BC71155B}"
EndProject
Project("{FAE04EC0-301F-11D3-BF4B-00C04F79EFBC}") = "Coffito.Business.Service", "Coffito.Business.Service\Coffito.Business.Service.csproj", "{6997DF65-E0B9-40CD-8903-5A4D70C57946}"
EndProject
Project("{FAE04EC0-301F-11D3-BF4B-00C04F79EFBC}") = "Coffito.Core.Service", "Coffito.Core.Service\Coffito.Core.Service.csproj", "{893CD6AA-2B4E-44D7-BA22-7FA5FA9B4C63}"
EndProject
Global
	GlobalSection(SolutionConfigurationPlatforms) = preSolution
		Debug|Any CPU = Debug|Any CPU
		Release|Any CPU = Release|Any CPU
	EndGlobalSection
	GlobalSection(ProjectConfigurationPlatforms) = postSolution
		{F7487628-D08F-4C34-A172-FD70BC71155B}.Debug|Any CPU.ActiveCfg = Debug|Any CPU
		{F7487628-D08F-4C34-A172-FD70BC71155B}.Debug|Any CPU.Build.0 = Debug|Any CPU
		{F7487628-D08F-4C34-A172-FD70BC71155B}.Release|Any CPU.ActiveCfg = Release|Any CPU
		{F7487628-D08F-4C34-A172-FD70BC71155B}.Release|Any CPU.Build.0 = Release|Any CPU
		{6997DF65-E0B9-40CD-8903-5A4D70C57946}.Debug|Any CPU.ActiveCfg = Debug|Any CPU
		{6997DF65-E0B9-40CD-8903-5A4D70C57946}.Debug|Any CPU.Build.0 = Debug|Any CPU
		{6997DF65-E0B9-40CD-8903-5A4D70C57946}.Release|Any CPU.ActiveCfg = Release|Any CPU
		{6997DF65-E0B9-40CD-8903-5A4D70C57946}.Release|Any CPU.Build.0 = Release|Any CPU
		{893CD6AA-2B4E-44D7-BA22-7FA5FA9B4C63}.Debug|Any CPU.ActiveCfg = Debug|Any CPU
		{893CD6AA-2B4E-44D7-BA22-7FA5FA9B4C63}.Debug|Any CPU.Build.0 = Debug|Any CPU
		{893CD6AA-2B4E-44D7-BA22-7FA5FA9B4C63}.Release|Any CPU.ActiveCfg = Release|Any CPU
		{893CD6AA-2B4E-44D7-BA22-7FA5FA9B4C63}.Release|Any CPU.Build.0 = Release|Any CPU
	EndGlobalSection
	GlobalSection(SolutionProperties) = preSolution
		HideSolutionNode = FALSE
	EndGlobalSection
	GlobalSection(ExtensibilityGlobals) = postSolution
		SolutionGuid = {66A99AF8-66D3-4D27-80C0-106BC7D0B51C}
	EndGlobalSection
EndGlobal
